
Microsoft Visual Studio Solution File, Format Version 12.00
# Visual Studio 15
VisualStudioVersion = 15.0.26124.0
MinimumVisualStudioVersion = 15.0.26124.0
Project("{2150E333-8FDC-42A3-9474-1A3956D46DE8}") = "src", "src", "{5610E221-5DF9-4608-9089-F47F587EB34E}"
EndProject
Project("{FAE04EC0-301F-11D3-BF4B-00C04F79EFBC}") = "Homedash.Web", "src\Homedash.Web\Homedash.Web.csproj", "{60DD82D8-A8D3-47D6-BB15-78D77A880DC2}"
EndProject
Global
	GlobalSection(SolutionConfigurationPlatforms) = preSolution
		Debug|Any CPU = Debug|Any CPU
		Debug|x64 = Debug|x64
		Debug|x86 = Debug|x86
		Release|Any CPU = Release|Any CPU
		Release|x64 = Release|x64
		Release|x86 = Release|x86
	EndGlobalSection
	GlobalSection(SolutionProperties) = preSolution
		HideSolutionNode = FALSE
	EndGlobalSection
	GlobalSection(ProjectConfigurationPlatforms) = postSolution
		{60DD82D8-A8D3-47D6-BB15-78D77A880DC2}.Debug|Any CPU.ActiveCfg = Debug|Any CPU
		{60DD82D8-A8D3-47D6-BB15-78D77A880DC2}.Debug|Any CPU.Build.0 = Debug|Any CPU
		{60DD82D8-A8D3-47D6-BB15-78D77A880DC2}.Debug|x64.ActiveCfg = Debug|Any CPU
		{60DD82D8-A8D3-47D6-BB15-78D77A880DC2}.Debug|x64.Build.0 = Debug|Any CPU
		{60DD82D8-A8D3-47D6-BB15-78D77A880DC2}.Debug|x86.ActiveCfg = Debug|Any CPU
		{60DD82D8-A8D3-47D6-BB15-78D77A880DC2}.Debug|x86.Build.0 = Debug|Any CPU
		{60DD82D8-A8D3-47D6-BB15-78D77A880DC2}.Release|Any CPU.ActiveCfg = Release|Any CPU
		{60DD82D8-A8D3-47D6-BB15-78D77A880DC2}.Release|Any CPU.Build.0 = Release|Any CPU
		{60DD82D8-A8D3-47D6-BB15-78D77A880DC2}.Release|x64.ActiveCfg = Release|Any CPU
		{60DD82D8-A8D3-47D6-BB15-78D77A880DC2}.Release|x64.Build.0 = Release|Any CPU
		{60DD82D8-A8D3-47D6-BB15-78D77A880DC2}.Release|x86.ActiveCfg = Release|Any CPU
		{60DD82D8-A8D3-47D6-BB15-78D77A880DC2}.Release|x86.Build.0 = Release|Any CPU
	EndGlobalSection
	GlobalSection(NestedProjects) = preSolution
		{60DD82D8-A8D3-47D6-BB15-78D77A880DC2} = {5610E221-5DF9-4608-9089-F47F587EB34E}
	EndGlobalSection
EndGlobal
